# THIS IS AN AUTOGENERATED FILE. DO NOT EDIT THIS FILE DIRECTLY.
# yarn lockfile v1


"@babel/helper-plugin-utils@^7.8.0":
  "integrity" "sha512-/37qQCE3K0vvZKwoK4XU/irIJQdIfCJuhU5eKnNxpFDsOkgFaUAwbv+RYw6eYgsC0E4hS7r5KqGULUogqui0fQ=="
  "resolved" "https://registry.npmjs.org/@babel/helper-plugin-utils/-/helper-plugin-utils-7.14.5.tgz"
  "version" "7.14.5"

"@babel/plugin-syntax-object-rest-spread@^7.8.3":
  "integrity" "sha512-XoqMijGZb9y3y2XskN+P1wUGiVwWZ5JmoDRwx5+3GmEplNyVM2s2Dg8ILFQm8rWM48orGy5YpI5Bl8U1y7ydlA=="
  "resolved" "https://registry.npmjs.org/@babel/plugin-syntax-object-rest-spread/-/plugin-syntax-object-rest-spread-7.8.3.tgz"
  "version" "7.8.3"
  dependencies:
    "@babel/helper-plugin-utils" "^7.8.0"

"@testing-library/jest-dom@file:../node_modules/@testing-library/jest-dom":
  "resolved" "file:../node_modules/@testing-library/jest-dom"
  "version" "5.12.0"
  dependencies:
    "@babel/runtime" "^7.9.2"
    "@types/testing-library__jest-dom" "^5.9.1"
    "aria-query" "^4.2.2"
    "chalk" "^3.0.0"
    "css" "^3.0.0"
    "css.escape" "^1.5.1"
    "lodash" "^4.17.15"
    "redent" "^3.0.0"

"@testing-library/react@file:../node_modules/@testing-library/react":
  "resolved" "file:../node_modules/@testing-library/react"
  "version" "11.2.7"
  dependencies:
    "@babel/runtime" "^7.12.5"
    "@testing-library/dom" "^7.28.1"

"@testing-library/user-event@file:../node_modules/@testing-library/user-event":
  "resolved" "file:../node_modules/@testing-library/user-event"
  "version" "13.1.9"
  dependencies:
    "@babel/runtime" "^7.12.5"

"@types/jest@file:../node_modules/@types/jest":
  "resolved" "file:../node_modules/@types/jest"
  "version" "26.0.23"
  dependencies:
    "jest-diff" "^26.0.0"
    "pretty-format" "^26.0.0"

"@types/node@file:../node_modules/@types/node":
  "resolved" "file:../node_modules/@types/node"
  "version" "15.6.0"

"@types/react-dom@file:../node_modules/@types/react-dom":
  "resolved" "file:../node_modules/@types/react-dom"
  "version" "17.0.5"
  dependencies:
    "@types/react" "*"

"@types/react@file:../node_modules/@types/react":
  "resolved" "file:../node_modules/@types/react"
  "version" "17.0.6"
  dependencies:
    "@types/prop-types" "*"
    "@types/scheduler" "*"
    "csstype" "^3.0.2"

"react-dom@file:../node_modules/react-dom":
  "resolved" "file:../node_modules/react-dom"
  "version" "17.0.2"
  dependencies:
    "loose-envify" "^1.1.0"
    "object-assign" "^4.1.1"
    "scheduler" "^0.20.2"

"react-grid-heatmap@file:..":
  "resolved" "file:.."
  "version" "1.1.0"

"react-scripts@file:../node_modules/react-scripts":
  "resolved" "file:../node_modules/react-scripts"
  "version" "4.0.3"

"react@file:../node_modules/react":
  "resolved" "file:../node_modules/react"
  "version" "17.0.2"
  dependencies:
    "loose-envify" "^1.1.0"
    "object-assign" "^4.1.1"
